
Microsoft Visual Studio Solution File, Format Version 12.00
# Visual Studio Version 17
VisualStudioVersion = 17.1.32210.238
MinimumVisualStudioVersion = 10.0.40219.1
Project("{8BC9CEB8-8B4A-11D0-8D11-00A0C91BC942}") = "Server\source code", "Server.vcxproj", "{DFCBBFD6-7CDA-46E6-8801-D74809078DF8}"
EndProject
Global
	GlobalSection(SolutionConfigurationPlatforms) = preSolution
		Debug|x64 = Debug|x64
		Debug|x86 = Debug|x86
		Release|x64 = Release|x64
		Release|x86 = Release|x86
	EndGlobalSection
	GlobalSection(ProjectConfigurationPlatforms) = postSolution
		{DFCBBFD6-7CDA-46E6-8801-D74809078DF8}.Debug|x64.ActiveCfg = Debug|x64
		{DFCBBFD6-7CDA-46E6-8801-D74809078DF8}.Debug|x64.Build.0 = Debug|x64
		{DFCBBFD6-7CDA-46E6-8801-D74809078DF8}.Debug|x86.ActiveCfg = Debug|Win32
		{DFCBBFD6-7CDA-46E6-8801-D74809078DF8}.Debug|x86.Build.0 = Debug|Win32
		{DFCBBFD6-7CDA-46E6-8801-D74809078DF8}.Release|x64.ActiveCfg = Release|x64
		{DFCBBFD6-7CDA-46E6-8801-D74809078DF8}.Release|x64.Build.0 = Release|x64
		{DFCBBFD6-7CDA-46E6-8801-D74809078DF8}.Release|x86.ActiveCfg = Release|Win32
		{DFCBBFD6-7CDA-46E6-8801-D74809078DF8}.Release|x86.Build.0 = Release|Win32
	EndGlobalSection
	GlobalSection(SolutionProperties) = preSolution
		HideSolutionNode = FALSE
	EndGlobalSection
	GlobalSection(ExtensibilityGlobals) = postSolution
		SolutionGuid = {36FC660B-7BD6-4FBA-BEAA-74624AFB3FF3}
	EndGlobalSection
EndGlobal
